
Microsoft Visual Studio Solution File, Format Version 12.00
# Visual Studio Version 17
VisualStudioVersion = 17.4.33213.308
MinimumVisualStudioVersion = 10.0.40219.1
Project("{FAE04EC0-301F-11D3-BF4B-00C04F79EFBC}") = "ad-course-ecom-daham", "ad-course-ecom-daham\ad-course-ecom-daham.csproj", "{83BCC3F6-53DC-4380-B302-C9E718056526}"
EndProject
Global
	GlobalSection(SolutionConfigurationPlatforms) = preSolution
		Debug|Any CPU = Debug|Any CPU
		Release|Any CPU = Release|Any CPU
	EndGlobalSection
	GlobalSection(ProjectConfigurationPlatforms) = postSolution
		{83BCC3F6-53DC-4380-B302-C9E718056526}.Debug|Any CPU.ActiveCfg = Debug|Any CPU
		{83BCC3F6-53DC-4380-B302-C9E718056526}.Debug|Any CPU.Build.0 = Debug|Any CPU
		{83BCC3F6-53DC-4380-B302-C9E718056526}.Release|Any CPU.ActiveCfg = Release|Any CPU
		{83BCC3F6-53DC-4380-B302-C9E718056526}.Release|Any CPU.Build.0 = Release|Any CPU
	EndGlobalSection
	GlobalSection(SolutionProperties) = preSolution
		HideSolutionNode = FALSE
	EndGlobalSection
	GlobalSection(ExtensibilityGlobals) = postSolution
		SolutionGuid = {EFC0F2B3-8972-41A9-BF43-044BD9871BA2}
	EndGlobalSection
EndGlobal
